// !$*UTF8*$!
{
	archiveVersion = 1;
	classes = {
	};
	objectVersion = 55;
	objects = {

/* Begin PBXBuildFile section */
		A02CEA8428333B9F00A5481B /* AppDelegate.m in Sources */ = {isa = PBXBuildFile; fileRef = A02CEA8328333B9F00A5481B /* AppDelegate.m */; };
		A02CEA8A28333B9F00A5481B /* ViewController.m in Sources */ = {isa = PBXBuildFile; fileRef = A02CEA8928333B9F00A5481B /* ViewController.m */; };
		A02CEA8D28333B9F00A5481B /* Main.storyboard in Resources */ = {isa = PBXBuildFile; fileRef = A02CEA8B28333B9F00A5481B /* Main.storyboard */; };
		A02CEA8F28333BA000A5481B /* Assets.xcassets in Resources */ = {isa = PBXBuildFile; fileRef = A02CEA8E28333BA000A5481B /* Assets.xcassets */; };
		A02CEA9228333BA000A5481B /* LaunchScreen.storyboard in Resources */ = {isa = PBXBuildFile; fileRef = A02CEA9028333BA000A5481B /* LaunchScreen.storyboard */; };
		A02CEA9528333BA000A5481B /* main.m in Sources */ = {isa = PBXBuildFile; fileRef = A02CEA9428333BA000A5481B /* main.m */; };
		A02CEAAF2833740200A5481B /* ShowWebViewController.m in Sources */ = {isa = PBXBuildFile; fileRef = A02CEAAD2833740200A5481B /* ShowWebViewController.m */; };
		A02CEAB228337C0F00A5481B /* ShowWebViewController.storyboard in Resources */ = {isa = PBXBuildFile; fileRef = A02CEAB128337C0F00A5481B /* ShowWebViewController.storyboard */; };
		A02CEAB828337F6F00A5481B /* MBProgressHUD.m in Sources */ = {isa = PBXBuildFile; fileRef = A02CEAB428337F6F00A5481B /* MBProgressHUD.m */; };
/* End PBXBuildFile section */

/* Begin PBXFileReference section */
		A02CEA7F28333B9F00A5481B /* WKWebViewTest.app */ = {isa = PBXFileReference; explicitFileType = wrapper.application; includeInIndex = 0; path = WKWebViewTest.app; sourceTree = BUILT_PRODUCTS_DIR; };
		A02CEA8228333B9F00A5481B /* AppDelegate.h */ = {isa = PBXFileReference; lastKnownFileType = sourcecode.c.h; path = AppDelegate.h; sourceTree = "<group>"; };
		A02CEA8328333B9F00A5481B /* AppDelegate.m */ = {isa = PBXFileReference; lastKnownFileType = sourcecode.c.objc; path = AppDelegate.m; sourceTree = "<group>"; };
		A02CEA8828333B9F00A5481B /* ViewController.h */ = {isa = PBXFileReference; lastKnownFileType = sourcecode.c.h; path = ViewController.h; sourceTree = "<group>"; };
		A02CEA8928333B9F00A5481B /* ViewController.m */ = {isa = PBXFileReference; lastKnownFileType = sourcecode.c.objc; path = ViewController.m; sourceTree = "<group>"; };
		A02CEA8C28333B9F00A5481B /* Base */ = {isa = PBXFileReference; lastKnownFileType = file.storyboard; name = Base; path = Base.lproj/Main.storyboard; sourceTree = "<group>"; };
		A02CEA8E28333BA000A5481B /* Assets.xcassets */ = {isa = PBXFileReference; lastKnownFileType = folder.assetcatalog; path = Assets.xcassets; sourceTree = "<group>"; };
		A02CEA9128333BA000A5481B /* Base */ = {isa = PBXFileReference; lastKnownFileType = file.storyboard; name = Base; path = Base.lproj/LaunchScreen.storyboard; sourceTree = "<group>"; };
		A02CEA9328333BA000A5481B /* Info.plist */ = {isa = PBXFileReference; lastKnownFileType = text.plist.xml; path = Info.plist; sourceTree = "<group>"; };
		A02CEA9428333BA000A5481B /* main.m */ = {isa = PBXFileReference; lastKnownFileType = sourcecode.c.objc; path = main.m; sourceTree = "<group>"; };
		A02CEAAC2833740200A5481B /* ShowWebViewController.h */ = {isa = PBXFileReference; lastKnownFileType = sourcecode.c.h; path = ShowWebViewController.h; sourceTree = "<group>"; };
		A02CEAAD2833740200A5481B /* ShowWebViewController.m */ = {isa = PBXFileReference; lastKnownFileType = sourcecode.c.objc; path = ShowWebViewController.m; sourceTree = "<group>"; };
		A02CEAB128337C0F00A5481B /* ShowWebViewController.storyboard */ = {isa = PBXFileReference; lastKnownFileType = file.storyboard; path = ShowWebViewController.storyboard; sourceTree = "<group>"; };
		A02CEAB428337F6F00A5481B /* MBProgressHUD.m */ = {isa = PBXFileReference; fileEncoding = 4; lastKnownFileType = sourcecode.c.objc; path = MBProgressHUD.m; sourceTree = "<group>"; };
		A02CEAB628337F6F00A5481B /* MBProgressHUD.h */ = {isa = PBXFileReference; fileEncoding = 4; lastKnownFileType = sourcecode.c.h; path = MBProgressHUD.h; sourceTree = "<group>"; };
/* End PBXFileReference section */

/* Begin PBXFrameworksBuildPhase section */
		A02CEA7C28333B9F00A5481B /* Frameworks */ = {
			isa = PBXFrameworksBuildPhase;
			buildActionMask = 2147483647;
			files = (
			);
			runOnlyForDeploymentPostprocessing = 0;
		};
/* End PBXFrameworksBuildPhase section */

/* Begin PBXGroup section */
		A02CEA7628333B9F00A5481B = {
			isa = PBXGroup;
			children = (
				A02CEA8128333B9F00A5481B /* WKWebViewTest */,
				A02CEA8028333B9F00A5481B /* Products */,
			);
			sourceTree = "<group>";
		};
		A02CEA8028333B9F00A5481B /* Products */ = {
			isa = PBXGroup;
			children = (
				A02CEA7F28333B9F00A5481B /* WKWebViewTest.app */,
			);
			name = Products;
			sourceTree = "<group>";
		};
		A02CEA8128333B9F00A5481B /* WKWebViewTest */ = {
			isa = PBXGroup;
			children = (
				A02CEAB328337F6F00A5481B /* MBProgressHUD */,
				A02CEA8228333B9F00A5481B /* AppDelegate.h */,
				A02CEA8328333B9F00A5481B /* AppDelegate.m */,
				A02CEA8828333B9F00A5481B /* ViewController.h */,
				A02CEA8928333B9F00A5481B /* ViewController.m */,
				A02CEAAC2833740200A5481B /* ShowWebViewController.h */,
				A02CEAAD2833740200A5481B /* ShowWebViewController.m */,
				A02CEAB128337C0F00A5481B /* ShowWebViewController.storyboard */,
				A02CEA8B28333B9F00A5481B /* Main.storyboard */,
				A02CEA8E28333BA000A5481B /* Assets.xcassets */,
				A02CEA9028333BA000A5481B /* LaunchScreen.storyboard */,
				A02CEA9328333BA000A5481B /* Info.plist */,
				A02CEA9428333BA000A5481B /* main.m */,
			);
			path = WKWebViewTest;
			sourceTree = "<group>";
		};
		A02CEAB328337F6F00A5481B /* MBProgressHUD */ = {
			isa = PBXGroup;
			children = (
				A02CEAB428337F6F00A5481B /* MBProgressHUD.m */,
				A02CEAB628337F6F00A5481B /* MBProgressHUD.h */,
			);
			path = MBProgressHUD;
			sourceTree = "<group>";
		};
/* End PBXGroup section */

/* Begin PBXNativeTarget section */
		A02CEA7E28333B9F00A5481B /* WKWebViewTest */ = {
			isa = PBXNativeTarget;
			buildConfigurationList = A02CEA9828333BA000A5481B /* Build configuration list for PBXNativeTarget "WKWebViewTest" */;
			buildPhases = (
				A02CEA7B28333B9F00A5481B /* Sources */,
				A02CEA7C28333B9F00A5481B /* Frameworks */,
				A02CEA7D28333B9F00A5481B /* Resources */,
			);
			buildRules = (
			);
			dependencies = (
			);
			name = WKWebViewTest;
			productName = WKWebViewTest;
			productReference = A02CEA7F28333B9F00A5481B /* WKWebViewTest.app */;
			productType = "com.apple.product-type.application";
		};
/* End PBXNativeTarget section */

/* Begin PBXProject section */
		A02CEA7728333B9F00A5481B /* Project object */ = {
			isa = PBXProject;
			attributes = {
				BuildIndependentTargetsInParallel = 1;
				LastUpgradeCheck = 1330;
				TargetAttributes = {
					A02CEA7E28333B9F00A5481B = {
						CreatedOnToolsVersion = 13.3.1;
					};
				};
			};
			buildConfigurationList = A02CEA7A28333B9F00A5481B /* Build configuration list for PBXProject "WKWebViewTest" */;
			compatibilityVersion = "Xcode 13.0";
			developmentRegion = en;
			hasScannedForEncodings = 0;
			knownRegions = (
				en,
				Base,
			);
			mainGroup = A02CEA7628333B9F00A5481B;
			productRefGroup = A02CEA8028333B9F00A5481B /* Products */;
			projectDirPath = "";
			projectRoot = "";
			targets = (
				A02CEA7E28333B9F00A5481B /* WKWebViewTest */,
			);
		};
/* End PBXProject section */

/* Begin PBXResourcesBuildPhase section */
		A02CEA7D28333B9F00A5481B /* Resources */ = {
			isa = PBXResourcesBuildPhase;
			buildActionMask = 2147483647;
			files = (
				A02CEA9228333BA000A5481B /* LaunchScreen.storyboard in Resources */,
				A02CEA8F28333BA000A5481B /* Assets.xcassets in Resources */,
				A02CEAB228337C0F00A5481B /* ShowWebViewController.storyboard in Resources */,
				A02CEA8D28333B9F00A5481B /* Main.storyboard in Resources */,
			);
			runOnlyForDeploymentPostprocessing = 0;
		};
/* End PBXResourcesBuildPhase section */

/* Begin PBXSourcesBuildPhase section */
		A02CEA7B28333B9F00A5481B /* Sources */ = {
			isa = PBXSourcesBuildPhase;
			buildActionMask = 2147483647;
			files = (
				A02CEAAF2833740200A5481B /* ShowWebViewController.m in Sources */,
				A02CEA8A28333B9F00A5481B /* ViewController.m in Sources */,
				A02CEAB828337F6F00A5481B /* MBProgressHUD.m in Sources */,
				A02CEA8428333B9F00A5481B /* AppDelegate.m in Sources */,
				A02CEA9528333BA000A5481B /* main.m in Sources */,
			);
			runOnlyForDeploymentPostprocessing = 0;
		};
/* End PBXSourcesBuildPhase section */

/* Begin PBXVariantGroup section */
		A02CEA8B28333B9F00A5481B /* Main.storyboard */ = {
			isa = PBXVariantGroup;
			children = (
				A02CEA8C28333B9F00A5481B /* Base */,
			);
			name = Main.storyboard;
			sourceTree = "<group>";
		};
		A02CEA9028333BA000A5481B /* LaunchScreen.storyboard */ = {
			isa = PBXVariantGroup;
			children = (
				A02CEA9128333BA000A5481B /* Base */,
			);
			name = LaunchScreen.storyboard;
			sourceTree = "<group>";
		};
/* End PBXVariantGroup section */

/* Begin XCBuildConfiguration section */
		A02CEA9628333BA000A5481B /* Debug */ = {
			isa = XCBuildConfiguration;
			buildSettings = {
				ALWAYS_SEARCH_USER_PATHS = NO;
				CLANG_ANALYZER_NONNULL = YES;
				CLANG_ANALYZER_NUMBER_OBJECT_CONVERSION = YES_AGGRESSIVE;
				CLANG_CXX_LANGUAGE_STANDARD = "gnu++17";
				CLANG_ENABLE_MODULES = YES;
				CLANG_ENABLE_OBJC_ARC = YES;
				CLANG_ENABLE_OBJC_WEAK = YES;
				CLANG_WARN_BLOCK_CAPTURE_AUTORELEASING = YES;
				CLANG_WARN_BOOL_CONVERSION = YES;
				CLANG_WARN_COMMA = YES;
				CLANG_WARN_CONSTANT_CONVERSION = YES;
				CLANG_WARN_DEPRECATED_OBJC_IMPLEMENTATIONS = YES;
				CLANG_WARN_DIRECT_OBJC_ISA_USAGE = YES_ERROR;
				CLANG_WARN_DOCUMENTATION_COMMENTS = YES;
				CLANG_WARN_EMPTY_BODY = YES;
				CLANG_WARN_ENUM_CONVERSION = YES;
				CLANG_WARN_INFINITE_RECURSION = YES;
				CLANG_WARN_INT_CONVERSION = YES;
				CLANG_WARN_NON_LITERAL_NULL_CONVERSION = YES;
				CLANG_WARN_OBJC_IMPLICIT_RETAIN_SELF = YES;
				CLANG_WARN_OBJC_LITERAL_CONVERSION = YES;
				CLANG_WARN_OBJC_ROOT_CLASS = YES_ERROR;
				CLANG_WARN_QUOTED_INCLUDE_IN_FRAMEWORK_HEADER = YES;
				CLANG_WARN_RANGE_LOOP_ANALYSIS = YES;
				CLANG_WARN_STRICT_PROTOTYPES = YES;
				CLANG_WARN_SUSPICIOUS_MOVE = YES;
				CLANG_WARN_UNGUARDED_AVAILABILITY = YES_AGGRESSIVE;
				CLANG_WARN_UNREACHABLE_CODE = YES;
				CLANG_WARN__DUPLICATE_METHOD_MATCH = YES;
				COPY_PHASE_STRIP = NO;
				DEBUG_INFORMATION_FORMAT = dwarf;
				ENABLE_STRICT_OBJC_MSGSEND = YES;
				ENABLE_TESTABILITY = YES;
				GCC_C_LANGUAGE_STANDARD = gnu11;
				GCC_DYNAMIC_NO_PIC = NO;
				GCC_NO_COMMON_BLOCKS = YES;
				GCC_OPTIMIZATION_LEVEL = 0;
				GCC_PREPROCESSOR_DEFINITIONS = (
					"DEBUG=1",
					"$(inherited)",
				);
				GCC_WARN_64_TO_32_BIT_CONVERSION = YES;
				GCC_WARN_ABOUT_RETURN_TYPE = YES_ERROR;
				GCC_WARN_UNDECLARED_SELECTOR = YES;
				GCC_WARN_UNINITIALIZED_AUTOS = YES_AGGRESSIVE;
				GCC_WARN_UNUSED_FUNCTION = YES;
				GCC_WARN_UNUSED_VARIABLE = YES;
				IPHONEOS_DEPLOYMENT_TARGET = 15.4;
				MTL_ENABLE_DEBUG_INFO = INCLUDE_SOURCE;
				MTL_FAST_MATH = YES;
				ONLY_ACTIVE_ARCH = YES;
				SDKROOT = iphoneos;
			};
			name = Debug;
		};
		A02CEA9728333BA000A5481B /* Release */ = {
			isa = XCBuildConfiguration;
			buildSettings = {
				ALWAYS_SEARCH_USER_PATHS = NO;
				CLANG_ANALYZER_NONNULL = YES;
				CLANG_ANALYZER_NUMBER_OBJECT_CONVERSION = YES_AGGRESSIVE;
				CLANG_CXX_LANGUAGE_STANDARD = "gnu++17";
				CLANG_ENABLE_MODULES = YES;
				CLANG_ENABLE_OBJC_ARC = YES;
				CLANG_ENABLE_OBJC_WEAK = YES;
				CLANG_WARN_BLOCK_CAPTURE_AUTORELEASING = YES;
				CLANG_WARN_BOOL_CONVERSION = YES;
				CLANG_WARN_COMMA = YES;
				CLANG_WARN_CONSTANT_CONVERSION = YES;
				CLANG_WARN_DEPRECATED_OBJC_IMPLEMENTATIONS = YES;
				CLANG_WARN_DIRECT_OBJC_ISA_USAGE = YES_ERROR;
				CLANG_WARN_DOCUMENTATION_COMMENTS = YES;
				CLANG_WARN_EMPTY_BODY = YES;
				CLANG_WARN_ENUM_CONVERSION = YES;
				CLANG_WARN_INFINITE_RECURSION = YES;
				CLANG_WARN_INT_CONVERSION = YES;
				CLANG_WARN_NON_LITERAL_NULL_CONVERSION = YES;
				CLANG_WARN_OBJC_IMPLICIT_RETAIN_SELF = YES;
				CLANG_WARN_OBJC_LITERAL_CONVERSION = YES;
				CLANG_WARN_OBJC_ROOT_CLASS = YES_ERROR;
				CLANG_WARN_QUOTED_INCLUDE_IN_FRAMEWORK_HEADER = YES;
				CLANG_WARN_RANGE_LOOP_ANALYSIS = YES;
				CLANG_WARN_STRICT_PROTOTYPES = YES;
				CLANG_WARN_SUSPICIOUS_MOVE = YES;
				CLANG_WARN_UNGUARDED_AVAILABILITY = YES_AGGRESSIVE;
				CLANG_WARN_UNREACHABLE_CODE = YES;
				CLANG_WARN__DUPLICATE_METHOD_MATCH = YES;
				COPY_PHASE_STRIP = NO;
				DEBUG_INFORMATION_FORMAT = "dwarf-with-dsym";
				ENABLE_NS_ASSERTIONS = NO;
				ENABLE_STRICT_OBJC_MSGSEND = YES;
				GCC_C_LANGUAGE_STANDARD = gnu11;
				GCC_NO_COMMON_BLOCKS = YES;
				GCC_WARN_64_TO_32_BIT_CONVERSION = YES;
				GCC_WARN_ABOUT_RETURN_TYPE = YES_ERROR;
				GCC_WARN_UNDECLARED_SELECTOR = YES;
				GCC_WARN_UNINITIALIZED_AUTOS = YES_AGGRESSIVE;
				GCC_WARN_UNUSED_FUNCTION = YES;
				GCC_WARN_UNUSED_VARIABLE = YES;
				IPHONEOS_DEPLOYMENT_TARGET = 15.4;
				MTL_ENABLE_DEBUG_INFO = NO;
				MTL_FAST_MATH = YES;
				SDKROOT = iphoneos;
				VALIDATE_PRODUCT = YES;
			};
			name = Release;
		};
		A02CEA9928333BA000A5481B /* Debug */ = {
			isa = XCBuildConfiguration;
			buildSettings = {
				ASSETCATALOG_COMPILER_APPICON_NAME = AppIcon;
				ASSETCATALOG_COMPILER_GLOBAL_ACCENT_COLOR_NAME = AccentColor;
				CODE_SIGN_IDENTITY = "iPhone Developer";
				CODE_SIGN_STYLE = Manual;
				CURRENT_PROJECT_VERSION = 1;
				DEVELOPMENT_TEAM = PQW5T7S345;
				GENERATE_INFOPLIST_FILE = YES;
				INFOPLIST_FILE = WKWebViewTest/Info.plist;
				INFOPLIST_KEY_UIApplicationSupportsIndirectInputEvents = YES;
				INFOPLIST_KEY_UILaunchStoryboardName = LaunchScreen;
				INFOPLIST_KEY_UIMainStoryboardFile = Main;
				INFOPLIST_KEY_UISupportedInterfaceOrientations = "UIInterfaceOrientationLandscapeLeft UIInterfaceOrientationLandscapeRight";
				INFOPLIST_KEY_UISupportedInterfaceOrientations_iPad = "UIInterfaceOrientationPortrait UIInterfaceOrientationPortraitUpsideDown UIInterfaceOrientationLandscapeLeft UIInterfaceOrientationLandscapeRight";
				INFOPLIST_KEY_UISupportedInterfaceOrientations_iPhone = "UIInterfaceOrientationLandscapeLeft UIInterfaceOrientationLandscapeRight";
				IPHONEOS_DEPLOYMENT_TARGET = 11.0;
				LD_RUNPATH_SEARCH_PATHS = (
					"$(inherited)",
					"@executable_path/Frameworks",
				);
				MARKETING_VERSION = 1.0;
				PRODUCT_BUNDLE_IDENTIFIER = com.loyalwind.slotmachine;
				PRODUCT_NAME = "$(TARGET_NAME)";
				PROVISIONING_PROFILE_SPECIFIER = DevelopmentSlotMachine;
				SWIFT_EMIT_LOC_STRINGS = YES;
				TARGETED_DEVICE_FAMILY = "1,2";
			};
			name = Debug;
		};
		A02CEA9A28333BA000A5481B /* Release */ = {
			isa = XCBuildConfiguration;
			buildSettings = {
				ASSETCATALOG_COMPILER_APPICON_NAME = AppIcon;
				ASSETCATALOG_COMPILER_GLOBAL_ACCENT_COLOR_NAME = AccentColor;
				CODE_SIGN_IDENTITY = "iPhone Distribution";
				CODE_SIGN_STYLE = Manual;
				CURRENT_PROJECT_VERSION = 1;
				DEVELOPMENT_TEAM = PQW5T7S345;
				GENERATE_INFOPLIST_FILE = YES;
				INFOPLIST_FILE = WKWebViewTest/Info.plist;
				INFOPLIST_KEY_UIApplicationSupportsIndirectInputEvents = YES;
				INFOPLIST_KEY_UILaunchStoryboardName = LaunchScreen;
				INFOPLIST_KEY_UIMainStoryboardFile = Main;
				INFOPLIST_KEY_UISupportedInterfaceOrientations = "UIInterfaceOrientationLandscapeLeft UIInterfaceOrientationLandscapeRight";
				INFOPLIST_KEY_UISupportedInterfaceOrientations_iPad = "UIInterfaceOrientationPortrait UIInterfaceOrientationPortraitUpsideDown UIInterfaceOrientationLandscapeLeft UIInterfaceOrientationLandscapeRight";
				INFOPLIST_KEY_UISupportedInterfaceOrientations_iPhone = "UIInterfaceOrientationLandscapeLeft UIInterfaceOrientationLandscapeRight";
				IPHONEOS_DEPLOYMENT_TARGET = 11.0;
				LD_RUNPATH_SEARCH_PATHS = (
					"$(inherited)",
					"@executable_path/Frameworks",
				);
				MARKETING_VERSION = 1.0;
				PRODUCT_BUNDLE_IDENTIFIER = com.loyalwind.slotmachine;
				PRODUCT_NAME = "$(TARGET_NAME)";
				PROVISIONING_PROFILE_SPECIFIER = DistributionAdHocSlotMachine;
				SWIFT_EMIT_LOC_STRINGS = YES;
				TARGETED_DEVICE_FAMILY = "1,2";
			};
			name = Release;
		};
/* End XCBuildConfiguration section */

/* Begin XCConfigurationList section */
		A02CEA7A28333B9F00A5481B /* Build configuration list for PBXProject "WKWebViewTest" */ = {
			isa = XCConfigurationList;
			buildConfigurations = (
				A02CEA9628333BA000A5481B /* Debug */,
				A02CEA9728333BA000A5481B /* Release */,
			);
			defaultConfigurationIsVisible = 0;
			defaultConfigurationName = Release;
		};
		A02CEA9828333BA000A5481B /* Build configuration list for PBXNativeTarget "WKWebViewTest" */ = {
			isa = XCConfigurationList;
			buildConfigurations = (
				A02CEA9928333BA000A5481B /* Debug */,
				A02CEA9A28333BA000A5481B /* Release */,
			);
			defaultConfigurationIsVisible = 0;
			defaultConfigurationName = Release;
		};
/* End XCConfigurationList section */
	};
	rootObject = A02CEA7728333B9F00A5481B /* Project object */;
}
