// !$*UTF8*$!
{
	archiveVersion = 1;
	classes = {
	};
	objectVersion = 50;
	objects = {

/* Begin PBXBuildFile section */
		A092777F23A24F8600CCCE47 /* main.mm in Sources */ = {isa = PBXBuildFile; fileRef = A092777E23A24F8600CCCE47 /* main.mm */; };
		A092778723A24FCC00CCCE47 /* ByMemoryUtils.cpp in Sources */ = {isa = PBXBuildFile; fileRef = A092778523A24FCC00CCCE47 /* ByMemoryUtils.cpp */; };
		A0CE44DC253E92BA0015FA59 /* MemoryUtilsOC.mm in Sources */ = {isa = PBXBuildFile; fileRef = A0CE44DB253E92BA0015FA59 /* MemoryUtilsOC.mm */; };
/* End PBXBuildFile section */

/* Begin PBXCopyFilesBuildPhase section */
		A092777923A24F8600CCCE47 /* CopyFiles */ = {
			isa = PBXCopyFilesBuildPhase;
			buildActionMask = 2147483647;
			dstPath = /usr/share/man/man1/;
			dstSubfolderSpec = 0;
			files = (
			);
			runOnlyForDeploymentPostprocessing = 1;
		};
/* End PBXCopyFilesBuildPhase section */

/* Begin PBXFileReference section */
		A092777B23A24F8600CCCE47 /* MapMemory */ = {isa = PBXFileReference; explicitFileType = "compiled.mach-o.executable"; includeInIndex = 0; path = MapMemory; sourceTree = BUILT_PRODUCTS_DIR; };
		A092777E23A24F8600CCCE47 /* main.mm */ = {isa = PBXFileReference; lastKnownFileType = sourcecode.cpp.objcpp; path = main.mm; sourceTree = "<group>"; };
		A092778523A24FCC00CCCE47 /* ByMemoryUtils.cpp */ = {isa = PBXFileReference; lastKnownFileType = sourcecode.cpp.cpp; path = ByMemoryUtils.cpp; sourceTree = "<group>"; };
		A092778623A24FCC00CCCE47 /* ByMemoryUtils.h */ = {isa = PBXFileReference; lastKnownFileType = sourcecode.c.h; path = ByMemoryUtils.h; sourceTree = "<group>"; };
		A0CE44DA253E92BA0015FA59 /* MemoryUtilsOC.h */ = {isa = PBXFileReference; lastKnownFileType = sourcecode.c.h; path = MemoryUtilsOC.h; sourceTree = "<group>"; };
		A0CE44DB253E92BA0015FA59 /* MemoryUtilsOC.mm */ = {isa = PBXFileReference; lastKnownFileType = sourcecode.cpp.objcpp; path = MemoryUtilsOC.mm; sourceTree = "<group>"; };
/* End PBXFileReference section */

/* Begin PBXFrameworksBuildPhase section */
		A092777823A24F8600CCCE47 /* Frameworks */ = {
			isa = PBXFrameworksBuildPhase;
			buildActionMask = 2147483647;
			files = (
			);
			runOnlyForDeploymentPostprocessing = 0;
		};
/* End PBXFrameworksBuildPhase section */

/* Begin PBXGroup section */
		A092777223A24F8600CCCE47 = {
			isa = PBXGroup;
			children = (
				A092777D23A24F8600CCCE47 /* MapMemory */,
				A092777C23A24F8600CCCE47 /* Products */,
			);
			sourceTree = "<group>";
		};
		A092777C23A24F8600CCCE47 /* Products */ = {
			isa = PBXGroup;
			children = (
				A092777B23A24F8600CCCE47 /* MapMemory */,
			);
			name = Products;
			sourceTree = "<group>";
		};
		A092777D23A24F8600CCCE47 /* MapMemory */ = {
			isa = PBXGroup;
			children = (
				A092777E23A24F8600CCCE47 /* main.mm */,
				A092778623A24FCC00CCCE47 /* ByMemoryUtils.h */,
				A092778523A24FCC00CCCE47 /* ByMemoryUtils.cpp */,
				A0CE44DA253E92BA0015FA59 /* MemoryUtilsOC.h */,
				A0CE44DB253E92BA0015FA59 /* MemoryUtilsOC.mm */,
			);
			path = MapMemory;
			sourceTree = "<group>";
		};
/* End PBXGroup section */

/* Begin PBXNativeTarget section */
		A092777A23A24F8600CCCE47 /* MapMemory */ = {
			isa = PBXNativeTarget;
			buildConfigurationList = A092778223A24F8600CCCE47 /* Build configuration list for PBXNativeTarget "MapMemory" */;
			buildPhases = (
				A092777723A24F8600CCCE47 /* Sources */,
				A092777823A24F8600CCCE47 /* Frameworks */,
				A092777923A24F8600CCCE47 /* CopyFiles */,
			);
			buildRules = (
			);
			dependencies = (
			);
			name = MapMemory;
			productName = MapMemory;
			productReference = A092777B23A24F8600CCCE47 /* MapMemory */;
			productType = "com.apple.product-type.tool";
		};
/* End PBXNativeTarget section */

/* Begin PBXProject section */
		A092777323A24F8600CCCE47 /* Project object */ = {
			isa = PBXProject;
			attributes = {
				LastUpgradeCheck = 1110;
				ORGANIZATIONNAME = loyalwind;
				TargetAttributes = {
					A092777A23A24F8600CCCE47 = {
						CreatedOnToolsVersion = 11.1;
					};
				};
			};
			buildConfigurationList = A092777623A24F8600CCCE47 /* Build configuration list for PBXProject "MapMemory" */;
			compatibilityVersion = "Xcode 9.3";
			developmentRegion = en;
			hasScannedForEncodings = 0;
			knownRegions = (
				en,
				Base,
			);
			mainGroup = A092777223A24F8600CCCE47;
			productRefGroup = A092777C23A24F8600CCCE47 /* Products */;
			projectDirPath = "";
			projectRoot = "";
			targets = (
				A092777A23A24F8600CCCE47 /* MapMemory */,
			);
		};
/* End PBXProject section */

/* Begin PBXSourcesBuildPhase section */
		A092777723A24F8600CCCE47 /* Sources */ = {
			isa = PBXSourcesBuildPhase;
			buildActionMask = 2147483647;
			files = (
				A0CE44DC253E92BA0015FA59 /* MemoryUtilsOC.mm in Sources */,
				A092777F23A24F8600CCCE47 /* main.mm in Sources */,
				A092778723A24FCC00CCCE47 /* ByMemoryUtils.cpp in Sources */,
			);
			runOnlyForDeploymentPostprocessing = 0;
		};
/* End PBXSourcesBuildPhase section */

/* Begin XCBuildConfiguration section */
		A092778023A24F8600CCCE47 /* Debug */ = {
			isa = XCBuildConfiguration;
			buildSettings = {
				ALWAYS_SEARCH_USER_PATHS = NO;
				CLANG_ANALYZER_NONNULL = YES;
				CLANG_ANALYZER_NUMBER_OBJECT_CONVERSION = YES_AGGRESSIVE;
				CLANG_CXX_LANGUAGE_STANDARD = "gnu++14";
				CLANG_CXX_LIBRARY = "libc++";
				CLANG_ENABLE_MODULES = YES;
				CLANG_ENABLE_OBJC_ARC = YES;
				CLANG_ENABLE_OBJC_WEAK = YES;
				CLANG_WARN_BLOCK_CAPTURE_AUTORELEASING = YES;
				CLANG_WARN_BOOL_CONVERSION = YES;
				CLANG_WARN_COMMA = YES;
				CLANG_WARN_CONSTANT_CONVERSION = YES;
				CLANG_WARN_DEPRECATED_OBJC_IMPLEMENTATIONS = YES;
				CLANG_WARN_DIRECT_OBJC_ISA_USAGE = YES_ERROR;
				CLANG_WARN_DOCUMENTATION_COMMENTS = YES;
				CLANG_WARN_EMPTY_BODY = YES;
				CLANG_WARN_ENUM_CONVERSION = YES;
				CLANG_WARN_INFINITE_RECURSION = YES;
				CLANG_WARN_INT_CONVERSION = YES;
				CLANG_WARN_NON_LITERAL_NULL_CONVERSION = YES;
				CLANG_WARN_OBJC_IMPLICIT_RETAIN_SELF = YES;
				CLANG_WARN_OBJC_LITERAL_CONVERSION = YES;
				CLANG_WARN_OBJC_ROOT_CLASS = YES_ERROR;
				CLANG_WARN_RANGE_LOOP_ANALYSIS = YES;
				CLANG_WARN_STRICT_PROTOTYPES = YES;
				CLANG_WARN_SUSPICIOUS_MOVE = YES;
				CLANG_WARN_UNGUARDED_AVAILABILITY = YES_AGGRESSIVE;
				CLANG_WARN_UNREACHABLE_CODE = YES;
				CLANG_WARN__DUPLICATE_METHOD_MATCH = YES;
				COPY_PHASE_STRIP = NO;
				DEBUG_INFORMATION_FORMAT = dwarf;
				ENABLE_STRICT_OBJC_MSGSEND = YES;
				ENABLE_TESTABILITY = YES;
				GCC_C_LANGUAGE_STANDARD = gnu11;
				GCC_DYNAMIC_NO_PIC = NO;
				GCC_NO_COMMON_BLOCKS = YES;
				GCC_OPTIMIZATION_LEVEL = 0;
				GCC_PREPROCESSOR_DEFINITIONS = (
					"DEBUG=1",
					"$(inherited)",
				);
				GCC_WARN_64_TO_32_BIT_CONVERSION = YES;
				GCC_WARN_ABOUT_RETURN_TYPE = YES_ERROR;
				GCC_WARN_UNDECLARED_SELECTOR = YES;
				GCC_WARN_UNINITIALIZED_AUTOS = YES_AGGRESSIVE;
				GCC_WARN_UNUSED_FUNCTION = YES;
				GCC_WARN_UNUSED_VARIABLE = YES;
				MACOSX_DEPLOYMENT_TARGET = 10.15;
				MTL_ENABLE_DEBUG_INFO = INCLUDE_SOURCE;
				MTL_FAST_MATH = YES;
				ONLY_ACTIVE_ARCH = YES;
				SDKROOT = macosx;
			};
			name = Debug;
		};
		A092778123A24F8600CCCE47 /* Release */ = {
			isa = XCBuildConfiguration;
			buildSettings = {
				ALWAYS_SEARCH_USER_PATHS = NO;
				CLANG_ANALYZER_NONNULL = YES;
				CLANG_ANALYZER_NUMBER_OBJECT_CONVERSION = YES_AGGRESSIVE;
				CLANG_CXX_LANGUAGE_STANDARD = "gnu++14";
				CLANG_CXX_LIBRARY = "libc++";
				CLANG_ENABLE_MODULES = YES;
				CLANG_ENABLE_OBJC_ARC = YES;
				CLANG_ENABLE_OBJC_WEAK = YES;
				CLANG_WARN_BLOCK_CAPTURE_AUTORELEASING = YES;
				CLANG_WARN_BOOL_CONVERSION = YES;
				CLANG_WARN_COMMA = YES;
				CLANG_WARN_CONSTANT_CONVERSION = YES;
				CLANG_WARN_DEPRECATED_OBJC_IMPLEMENTATIONS = YES;
				CLANG_WARN_DIRECT_OBJC_ISA_USAGE = YES_ERROR;
				CLANG_WARN_DOCUMENTATION_COMMENTS = YES;
				CLANG_WARN_EMPTY_BODY = YES;
				CLANG_WARN_ENUM_CONVERSION = YES;
				CLANG_WARN_INFINITE_RECURSION = YES;
				CLANG_WARN_INT_CONVERSION = YES;
				CLANG_WARN_NON_LITERAL_NULL_CONVERSION = YES;
				CLANG_WARN_OBJC_IMPLICIT_RETAIN_SELF = YES;
				CLANG_WARN_OBJC_LITERAL_CONVERSION = YES;
				CLANG_WARN_OBJC_ROOT_CLASS = YES_ERROR;
				CLANG_WARN_RANGE_LOOP_ANALYSIS = YES;
				CLANG_WARN_STRICT_PROTOTYPES = YES;
				CLANG_WARN_SUSPICIOUS_MOVE = YES;
				CLANG_WARN_UNGUARDED_AVAILABILITY = YES_AGGRESSIVE;
				CLANG_WARN_UNREACHABLE_CODE = YES;
				CLANG_WARN__DUPLICATE_METHOD_MATCH = YES;
				COPY_PHASE_STRIP = NO;
				DEBUG_INFORMATION_FORMAT = "dwarf-with-dsym";
				ENABLE_NS_ASSERTIONS = NO;
				ENABLE_STRICT_OBJC_MSGSEND = YES;
				GCC_C_LANGUAGE_STANDARD = gnu11;
				GCC_NO_COMMON_BLOCKS = YES;
				GCC_WARN_64_TO_32_BIT_CONVERSION = YES;
				GCC_WARN_ABOUT_RETURN_TYPE = YES_ERROR;
				GCC_WARN_UNDECLARED_SELECTOR = YES;
				GCC_WARN_UNINITIALIZED_AUTOS = YES_AGGRESSIVE;
				GCC_WARN_UNUSED_FUNCTION = YES;
				GCC_WARN_UNUSED_VARIABLE = YES;
				MACOSX_DEPLOYMENT_TARGET = 10.15;
				MTL_ENABLE_DEBUG_INFO = NO;
				MTL_FAST_MATH = YES;
				SDKROOT = macosx;
			};
			name = Release;
		};
		A092778323A24F8600CCCE47 /* Debug */ = {
			isa = XCBuildConfiguration;
			buildSettings = {
				CODE_SIGN_STYLE = Automatic;
				PRODUCT_NAME = "$(TARGET_NAME)";
			};
			name = Debug;
		};
		A092778423A24F8600CCCE47 /* Release */ = {
			isa = XCBuildConfiguration;
			buildSettings = {
				CODE_SIGN_STYLE = Automatic;
				PRODUCT_NAME = "$(TARGET_NAME)";
			};
			name = Release;
		};
/* End XCBuildConfiguration section */

/* Begin XCConfigurationList section */
		A092777623A24F8600CCCE47 /* Build configuration list for PBXProject "MapMemory" */ = {
			isa = XCConfigurationList;
			buildConfigurations = (
				A092778023A24F8600CCCE47 /* Debug */,
				A092778123A24F8600CCCE47 /* Release */,
			);
			defaultConfigurationIsVisible = 0;
			defaultConfigurationName = Release;
		};
		A092778223A24F8600CCCE47 /* Build configuration list for PBXNativeTarget "MapMemory" */ = {
			isa = XCConfigurationList;
			buildConfigurations = (
				A092778323A24F8600CCCE47 /* Debug */,
				A092778423A24F8600CCCE47 /* Release */,
			);
			defaultConfigurationIsVisible = 0;
			defaultConfigurationName = Release;
		};
/* End XCConfigurationList section */
	};
	rootObject = A092777323A24F8600CCCE47 /* Project object */;
}
