// !$*UTF8*$!
{
	archiveVersion = 1;
	classes = {
	};
	objectVersion = 50;
	objects = {

/* Begin PBXBuildFile section */
		A0FCA43922B10BA70060E88D /* AppDelegate.m in Sources */ = {isa = PBXBuildFile; fileRef = A0FCA43822B10BA70060E88D /* AppDelegate.m */; };
		A0FCA43C22B10BA70060E88D /* ViewController.m in Sources */ = {isa = PBXBuildFile; fileRef = A0FCA43B22B10BA70060E88D /* ViewController.m */; };
		A0FCA43F22B10BA70060E88D /* Main.storyboard in Resources */ = {isa = PBXBuildFile; fileRef = A0FCA43D22B10BA70060E88D /* Main.storyboard */; };
		A0FCA44122B10BA80060E88D /* Assets.xcassets in Resources */ = {isa = PBXBuildFile; fileRef = A0FCA44022B10BA80060E88D /* Assets.xcassets */; };
		A0FCA44422B10BA80060E88D /* LaunchScreen.storyboard in Resources */ = {isa = PBXBuildFile; fileRef = A0FCA44222B10BA80060E88D /* LaunchScreen.storyboard */; };
		A0FCA44722B10BA80060E88D /* main.m in Sources */ = {isa = PBXBuildFile; fileRef = A0FCA44622B10BA80060E88D /* main.m */; };
		A0FCA44F22B10BFF0060E88D /* GameKit.framework in Frameworks */ = {isa = PBXBuildFile; fileRef = A0FCA44E22B10BFF0060E88D /* GameKit.framework */; };
/* End PBXBuildFile section */

/* Begin PBXFileReference section */
		A092778923A3A6A700CCCE47 /* GameCenter.entitlements */ = {isa = PBXFileReference; lastKnownFileType = text.plist.entitlements; path = GameCenter.entitlements; sourceTree = "<group>"; };
		A0FCA43422B10BA70060E88D /* GameCenter.app */ = {isa = PBXFileReference; explicitFileType = wrapper.application; includeInIndex = 0; path = GameCenter.app; sourceTree = BUILT_PRODUCTS_DIR; };
		A0FCA43722B10BA70060E88D /* AppDelegate.h */ = {isa = PBXFileReference; lastKnownFileType = sourcecode.c.h; path = AppDelegate.h; sourceTree = "<group>"; };
		A0FCA43822B10BA70060E88D /* AppDelegate.m */ = {isa = PBXFileReference; lastKnownFileType = sourcecode.c.objc; path = AppDelegate.m; sourceTree = "<group>"; };
		A0FCA43A22B10BA70060E88D /* ViewController.h */ = {isa = PBXFileReference; lastKnownFileType = sourcecode.c.h; path = ViewController.h; sourceTree = "<group>"; };
		A0FCA43B22B10BA70060E88D /* ViewController.m */ = {isa = PBXFileReference; lastKnownFileType = sourcecode.c.objc; path = ViewController.m; sourceTree = "<group>"; };
		A0FCA43E22B10BA70060E88D /* Base */ = {isa = PBXFileReference; lastKnownFileType = file.storyboard; name = Base; path = Base.lproj/Main.storyboard; sourceTree = "<group>"; };
		A0FCA44022B10BA80060E88D /* Assets.xcassets */ = {isa = PBXFileReference; lastKnownFileType = folder.assetcatalog; path = Assets.xcassets; sourceTree = "<group>"; };
		A0FCA44322B10BA80060E88D /* Base */ = {isa = PBXFileReference; lastKnownFileType = file.storyboard; name = Base; path = Base.lproj/LaunchScreen.storyboard; sourceTree = "<group>"; };
		A0FCA44522B10BA80060E88D /* Info.plist */ = {isa = PBXFileReference; lastKnownFileType = text.plist.xml; path = Info.plist; sourceTree = "<group>"; };
		A0FCA44622B10BA80060E88D /* main.m */ = {isa = PBXFileReference; lastKnownFileType = sourcecode.c.objc; path = main.m; sourceTree = "<group>"; };
		A0FCA44E22B10BFF0060E88D /* GameKit.framework */ = {isa = PBXFileReference; lastKnownFileType = wrapper.framework; name = GameKit.framework; path = System/Library/Frameworks/GameKit.framework; sourceTree = SDKROOT; };
/* End PBXFileReference section */

/* Begin PBXFrameworksBuildPhase section */
		A0FCA43122B10BA70060E88D /* Frameworks */ = {
			isa = PBXFrameworksBuildPhase;
			buildActionMask = 2147483647;
			files = (
				A0FCA44F22B10BFF0060E88D /* GameKit.framework in Frameworks */,
			);
			runOnlyForDeploymentPostprocessing = 0;
		};
/* End PBXFrameworksBuildPhase section */

/* Begin PBXGroup section */
		A0FCA42B22B10BA70060E88D = {
			isa = PBXGroup;
			children = (
				A0FCA43622B10BA70060E88D /* GameCenter */,
				A0FCA43522B10BA70060E88D /* Products */,
				A0FCA44D22B10BFF0060E88D /* Frameworks */,
			);
			sourceTree = "<group>";
		};
		A0FCA43522B10BA70060E88D /* Products */ = {
			isa = PBXGroup;
			children = (
				A0FCA43422B10BA70060E88D /* GameCenter.app */,
			);
			name = Products;
			sourceTree = "<group>";
		};
		A0FCA43622B10BA70060E88D /* GameCenter */ = {
			isa = PBXGroup;
			children = (
				A092778923A3A6A700CCCE47 /* GameCenter.entitlements */,
				A0FCA43722B10BA70060E88D /* AppDelegate.h */,
				A0FCA43822B10BA70060E88D /* AppDelegate.m */,
				A0FCA43A22B10BA70060E88D /* ViewController.h */,
				A0FCA43B22B10BA70060E88D /* ViewController.m */,
				A0FCA43D22B10BA70060E88D /* Main.storyboard */,
				A0FCA44022B10BA80060E88D /* Assets.xcassets */,
				A0FCA44222B10BA80060E88D /* LaunchScreen.storyboard */,
				A0FCA44522B10BA80060E88D /* Info.plist */,
				A0FCA44622B10BA80060E88D /* main.m */,
			);
			path = GameCenter;
			sourceTree = "<group>";
		};
		A0FCA44D22B10BFF0060E88D /* Frameworks */ = {
			isa = PBXGroup;
			children = (
				A0FCA44E22B10BFF0060E88D /* GameKit.framework */,
			);
			name = Frameworks;
			sourceTree = "<group>";
		};
/* End PBXGroup section */

/* Begin PBXNativeTarget section */
		A0FCA43322B10BA70060E88D /* GameCenter */ = {
			isa = PBXNativeTarget;
			buildConfigurationList = A0FCA44A22B10BA80060E88D /* Build configuration list for PBXNativeTarget "GameCenter" */;
			buildPhases = (
				A0FCA43022B10BA70060E88D /* Sources */,
				A0FCA43122B10BA70060E88D /* Frameworks */,
				A0FCA43222B10BA70060E88D /* Resources */,
			);
			buildRules = (
			);
			dependencies = (
			);
			name = GameCenter;
			productName = GameCenter;
			productReference = A0FCA43422B10BA70060E88D /* GameCenter.app */;
			productType = "com.apple.product-type.application";
		};
/* End PBXNativeTarget section */

/* Begin PBXProject section */
		A0FCA42C22B10BA70060E88D /* Project object */ = {
			isa = PBXProject;
			attributes = {
				LastUpgradeCheck = 1020;
				ORGANIZATIONNAME = loyalwind;
				TargetAttributes = {
					A0FCA43322B10BA70060E88D = {
						CreatedOnToolsVersion = 10.2;
						SystemCapabilities = {
							com.apple.GameCenter.iOS = {
								enabled = 1;
							};
						};
					};
				};
			};
			buildConfigurationList = A0FCA42F22B10BA70060E88D /* Build configuration list for PBXProject "GameCenter" */;
			compatibilityVersion = "Xcode 9.3";
			developmentRegion = en;
			hasScannedForEncodings = 0;
			knownRegions = (
				en,
				Base,
			);
			mainGroup = A0FCA42B22B10BA70060E88D;
			productRefGroup = A0FCA43522B10BA70060E88D /* Products */;
			projectDirPath = "";
			projectRoot = "";
			targets = (
				A0FCA43322B10BA70060E88D /* GameCenter */,
			);
		};
/* End PBXProject section */

/* Begin PBXResourcesBuildPhase section */
		A0FCA43222B10BA70060E88D /* Resources */ = {
			isa = PBXResourcesBuildPhase;
			buildActionMask = 2147483647;
			files = (
				A0FCA44422B10BA80060E88D /* LaunchScreen.storyboard in Resources */,
				A0FCA44122B10BA80060E88D /* Assets.xcassets in Resources */,
				A0FCA43F22B10BA70060E88D /* Main.storyboard in Resources */,
			);
			runOnlyForDeploymentPostprocessing = 0;
		};
/* End PBXResourcesBuildPhase section */

/* Begin PBXSourcesBuildPhase section */
		A0FCA43022B10BA70060E88D /* Sources */ = {
			isa = PBXSourcesBuildPhase;
			buildActionMask = 2147483647;
			files = (
				A0FCA43C22B10BA70060E88D /* ViewController.m in Sources */,
				A0FCA44722B10BA80060E88D /* main.m in Sources */,
				A0FCA43922B10BA70060E88D /* AppDelegate.m in Sources */,
			);
			runOnlyForDeploymentPostprocessing = 0;
		};
/* End PBXSourcesBuildPhase section */

/* Begin PBXVariantGroup section */
		A0FCA43D22B10BA70060E88D /* Main.storyboard */ = {
			isa = PBXVariantGroup;
			children = (
				A0FCA43E22B10BA70060E88D /* Base */,
			);
			name = Main.storyboard;
			sourceTree = "<group>";
		};
		A0FCA44222B10BA80060E88D /* LaunchScreen.storyboard */ = {
			isa = PBXVariantGroup;
			children = (
				A0FCA44322B10BA80060E88D /* Base */,
			);
			name = LaunchScreen.storyboard;
			sourceTree = "<group>";
		};
/* End PBXVariantGroup section */

/* Begin XCBuildConfiguration section */
		A0FCA44822B10BA80060E88D /* Debug */ = {
			isa = XCBuildConfiguration;
			buildSettings = {
				ALWAYS_SEARCH_USER_PATHS = NO;
				CLANG_ANALYZER_NONNULL = YES;
				CLANG_ANALYZER_NUMBER_OBJECT_CONVERSION = YES_AGGRESSIVE;
				CLANG_CXX_LANGUAGE_STANDARD = "gnu++14";
				CLANG_CXX_LIBRARY = "libc++";
				CLANG_ENABLE_MODULES = YES;
				CLANG_ENABLE_OBJC_ARC = YES;
				CLANG_ENABLE_OBJC_WEAK = YES;
				CLANG_WARN_BLOCK_CAPTURE_AUTORELEASING = YES;
				CLANG_WARN_BOOL_CONVERSION = YES;
				CLANG_WARN_COMMA = YES;
				CLANG_WARN_CONSTANT_CONVERSION = YES;
				CLANG_WARN_DEPRECATED_OBJC_IMPLEMENTATIONS = YES;
				CLANG_WARN_DIRECT_OBJC_ISA_USAGE = YES_ERROR;
				CLANG_WARN_DOCUMENTATION_COMMENTS = YES;
				CLANG_WARN_EMPTY_BODY = YES;
				CLANG_WARN_ENUM_CONVERSION = YES;
				CLANG_WARN_INFINITE_RECURSION = YES;
				CLANG_WARN_INT_CONVERSION = YES;
				CLANG_WARN_NON_LITERAL_NULL_CONVERSION = YES;
				CLANG_WARN_OBJC_IMPLICIT_RETAIN_SELF = YES;
				CLANG_WARN_OBJC_LITERAL_CONVERSION = YES;
				CLANG_WARN_OBJC_ROOT_CLASS = YES_ERROR;
				CLANG_WARN_RANGE_LOOP_ANALYSIS = YES;
				CLANG_WARN_STRICT_PROTOTYPES = YES;
				CLANG_WARN_SUSPICIOUS_MOVE = YES;
				CLANG_WARN_UNGUARDED_AVAILABILITY = YES_AGGRESSIVE;
				CLANG_WARN_UNREACHABLE_CODE = YES;
				CLANG_WARN__DUPLICATE_METHOD_MATCH = YES;
				CODE_SIGN_IDENTITY = "iPhone Developer";
				COPY_PHASE_STRIP = NO;
				DEBUG_INFORMATION_FORMAT = dwarf;
				ENABLE_STRICT_OBJC_MSGSEND = YES;
				ENABLE_TESTABILITY = YES;
				GCC_C_LANGUAGE_STANDARD = gnu11;
				GCC_DYNAMIC_NO_PIC = NO;
				GCC_NO_COMMON_BLOCKS = YES;
				GCC_OPTIMIZATION_LEVEL = 0;
				GCC_PREPROCESSOR_DEFINITIONS = (
					"DEBUG=1",
					"$(inherited)",
				);
				GCC_WARN_64_TO_32_BIT_CONVERSION = YES;
				GCC_WARN_ABOUT_RETURN_TYPE = YES_ERROR;
				GCC_WARN_UNDECLARED_SELECTOR = YES;
				GCC_WARN_UNINITIALIZED_AUTOS = YES_AGGRESSIVE;
				GCC_WARN_UNUSED_FUNCTION = YES;
				GCC_WARN_UNUSED_VARIABLE = YES;
				IPHONEOS_DEPLOYMENT_TARGET = 12.2;
				MTL_ENABLE_DEBUG_INFO = INCLUDE_SOURCE;
				MTL_FAST_MATH = YES;
				ONLY_ACTIVE_ARCH = YES;
				SDKROOT = iphoneos;
			};
			name = Debug;
		};
		A0FCA44922B10BA80060E88D /* Release */ = {
			isa = XCBuildConfiguration;
			buildSettings = {
				ALWAYS_SEARCH_USER_PATHS = NO;
				CLANG_ANALYZER_NONNULL = YES;
				CLANG_ANALYZER_NUMBER_OBJECT_CONVERSION = YES_AGGRESSIVE;
				CLANG_CXX_LANGUAGE_STANDARD = "gnu++14";
				CLANG_CXX_LIBRARY = "libc++";
				CLANG_ENABLE_MODULES = YES;
				CLANG_ENABLE_OBJC_ARC = YES;
				CLANG_ENABLE_OBJC_WEAK = YES;
				CLANG_WARN_BLOCK_CAPTURE_AUTORELEASING = YES;
				CLANG_WARN_BOOL_CONVERSION = YES;
				CLANG_WARN_COMMA = YES;
				CLANG_WARN_CONSTANT_CONVERSION = YES;
				CLANG_WARN_DEPRECATED_OBJC_IMPLEMENTATIONS = YES;
				CLANG_WARN_DIRECT_OBJC_ISA_USAGE = YES_ERROR;
				CLANG_WARN_DOCUMENTATION_COMMENTS = YES;
				CLANG_WARN_EMPTY_BODY = YES;
				CLANG_WARN_ENUM_CONVERSION = YES;
				CLANG_WARN_INFINITE_RECURSION = YES;
				CLANG_WARN_INT_CONVERSION = YES;
				CLANG_WARN_NON_LITERAL_NULL_CONVERSION = YES;
				CLANG_WARN_OBJC_IMPLICIT_RETAIN_SELF = YES;
				CLANG_WARN_OBJC_LITERAL_CONVERSION = YES;
				CLANG_WARN_OBJC_ROOT_CLASS = YES_ERROR;
				CLANG_WARN_RANGE_LOOP_ANALYSIS = YES;
				CLANG_WARN_STRICT_PROTOTYPES = YES;
				CLANG_WARN_SUSPICIOUS_MOVE = YES;
				CLANG_WARN_UNGUARDED_AVAILABILITY = YES_AGGRESSIVE;
				CLANG_WARN_UNREACHABLE_CODE = YES;
				CLANG_WARN__DUPLICATE_METHOD_MATCH = YES;
				CODE_SIGN_IDENTITY = "iPhone Developer";
				COPY_PHASE_STRIP = NO;
				DEBUG_INFORMATION_FORMAT = "dwarf-with-dsym";
				ENABLE_NS_ASSERTIONS = NO;
				ENABLE_STRICT_OBJC_MSGSEND = YES;
				GCC_C_LANGUAGE_STANDARD = gnu11;
				GCC_NO_COMMON_BLOCKS = YES;
				GCC_WARN_64_TO_32_BIT_CONVERSION = YES;
				GCC_WARN_ABOUT_RETURN_TYPE = YES_ERROR;
				GCC_WARN_UNDECLARED_SELECTOR = YES;
				GCC_WARN_UNINITIALIZED_AUTOS = YES_AGGRESSIVE;
				GCC_WARN_UNUSED_FUNCTION = YES;
				GCC_WARN_UNUSED_VARIABLE = YES;
				IPHONEOS_DEPLOYMENT_TARGET = 12.2;
				MTL_ENABLE_DEBUG_INFO = NO;
				MTL_FAST_MATH = YES;
				SDKROOT = iphoneos;
				VALIDATE_PRODUCT = YES;
			};
			name = Release;
		};
		A0FCA44B22B10BA80060E88D /* Debug */ = {
			isa = XCBuildConfiguration;
			buildSettings = {
				ASSETCATALOG_COMPILER_APPICON_NAME = AppIcon;
				CODE_SIGN_ENTITLEMENTS = GameCenter/GameCenter.entitlements;
				CODE_SIGN_IDENTITY = "Apple Development";
				CODE_SIGN_STYLE = Automatic;
				DEVELOPMENT_TEAM = HGPZKR6AJ8;
				INFOPLIST_FILE = GameCenter/Info.plist;
				IPHONEOS_DEPLOYMENT_TARGET = 9.0;
				LD_RUNPATH_SEARCH_PATHS = (
					"$(inherited)",
					"@executable_path/Frameworks",
				);
				PRODUCT_BUNDLE_IDENTIFIER = com.coalaa.itexashk;
				PRODUCT_NAME = "$(TARGET_NAME)";
				PROVISIONING_PROFILE_SPECIFIER = "";
				TARGETED_DEVICE_FAMILY = "1,2";
			};
			name = Debug;
		};
		A0FCA44C22B10BA80060E88D /* Release */ = {
			isa = XCBuildConfiguration;
			buildSettings = {
				ASSETCATALOG_COMPILER_APPICON_NAME = AppIcon;
				CODE_SIGN_ENTITLEMENTS = GameCenter/GameCenter.entitlements;
				CODE_SIGN_IDENTITY = "Apple Development";
				CODE_SIGN_STYLE = Automatic;
				DEVELOPMENT_TEAM = JJA4BUEX79;
				INFOPLIST_FILE = GameCenter/Info.plist;
				IPHONEOS_DEPLOYMENT_TARGET = 9.0;
				LD_RUNPATH_SEARCH_PATHS = (
					"$(inherited)",
					"@executable_path/Frameworks",
				);
				PRODUCT_BUNDLE_IDENTIFIER = com.coalaa.itexashk;
				PRODUCT_NAME = "$(TARGET_NAME)";
				PROVISIONING_PROFILE_SPECIFIER = "";
				TARGETED_DEVICE_FAMILY = "1,2";
			};
			name = Release;
		};
/* End XCBuildConfiguration section */

/* Begin XCConfigurationList section */
		A0FCA42F22B10BA70060E88D /* Build configuration list for PBXProject "GameCenter" */ = {
			isa = XCConfigurationList;
			buildConfigurations = (
				A0FCA44822B10BA80060E88D /* Debug */,
				A0FCA44922B10BA80060E88D /* Release */,
			);
			defaultConfigurationIsVisible = 0;
			defaultConfigurationName = Release;
		};
		A0FCA44A22B10BA80060E88D /* Build configuration list for PBXNativeTarget "GameCenter" */ = {
			isa = XCConfigurationList;
			buildConfigurations = (
				A0FCA44B22B10BA80060E88D /* Debug */,
				A0FCA44C22B10BA80060E88D /* Release */,
			);
			defaultConfigurationIsVisible = 0;
			defaultConfigurationName = Release;
		};
/* End XCConfigurationList section */
	};
	rootObject = A0FCA42C22B10BA70060E88D /* Project object */;
}
